
Microsoft Visual Studio Solution File, Format Version 12.00
# Visual Studio 15
VisualStudioVersion = 15.0.28307.902
MinimumVisualStudioVersion = 10.0.40219.1
Project("{FAE04EC0-301F-11D3-BF4B-00C04F79EFBC}") = "SafeBoard12", "SafeBoard12\SafeBoard12.csproj", "{B7CA3CD3-3163-4345-B8CB-BCC5AE538027}"
EndProject
Global
	GlobalSection(SolutionConfigurationPlatforms) = preSolution
		Debug|Any CPU = Debug|Any CPU
		Release|Any CPU = Release|Any CPU
	EndGlobalSection
	GlobalSection(ProjectConfigurationPlatforms) = postSolution
		{B7CA3CD3-3163-4345-B8CB-BCC5AE538027}.Debug|Any CPU.ActiveCfg = Debug|Any CPU
		{B7CA3CD3-3163-4345-B8CB-BCC5AE538027}.Debug|Any CPU.Build.0 = Debug|Any CPU
		{B7CA3CD3-3163-4345-B8CB-BCC5AE538027}.Release|Any CPU.ActiveCfg = Release|Any CPU
		{B7CA3CD3-3163-4345-B8CB-BCC5AE538027}.Release|Any CPU.Build.0 = Release|Any CPU
	EndGlobalSection
	GlobalSection(SolutionProperties) = preSolution
		HideSolutionNode = FALSE
	EndGlobalSection
	GlobalSection(ExtensibilityGlobals) = postSolution
		SolutionGuid = {E50606F6-535C-489E-A230-730C28DD3A37}
	EndGlobalSection
EndGlobal
